
Microsoft Visual Studio Solution File, Format Version 12.00
# Visual Studio Version 17
VisualStudioVersion = 17.9.34607.119
MinimumVisualStudioVersion = 10.0.40219.1
Project("{9A19103F-16F7-4668-BE54-9A1E7A4F7556}") = "LuminaryVisuals", "LuminaryVisuals.csproj", "{F533F07B-BDC1-40E6-B127-E044154028B4}"
EndProject
Project("{2150E333-8FDC-42A3-9474-1A3956D46DE8}") = "Solution Items", "Solution Items", "{F7D3E78B-9823-4487-9602-A9EE67A6BDD5}"
	ProjectSection(SolutionItems) = preProject
		Documentation\Luminary milestone.md = Documentation\Luminary milestone.md
		ProjectStatus.md = ProjectStatus.md
	EndProjectSection
EndProject
Global
	GlobalSection(SolutionConfigurationPlatforms) = preSolution
		Debug|Any CPU = Debug|Any CPU
		Release|Any CPU = Release|Any CPU
	EndGlobalSection
	GlobalSection(ProjectConfigurationPlatforms) = postSolution
		{F533F07B-BDC1-40E6-B127-E044154028B4}.Debug|Any CPU.ActiveCfg = Debug|Any CPU
		{F533F07B-BDC1-40E6-B127-E044154028B4}.Debug|Any CPU.Build.0 = Debug|Any CPU
		{F533F07B-BDC1-40E6-B127-E044154028B4}.Release|Any CPU.ActiveCfg = Release|Any CPU
		{F533F07B-BDC1-40E6-B127-E044154028B4}.Release|Any CPU.Build.0 = Release|Any CPU
	EndGlobalSection
	GlobalSection(SolutionProperties) = preSolution
		HideSolutionNode = FALSE
	EndGlobalSection
	GlobalSection(ExtensibilityGlobals) = postSolution
		SolutionGuid = {BB35D7F2-47E8-4EC7-B8A0-CB49823E1E8D}
	EndGlobalSection
EndGlobal
